{
  "requires": true,
  "lockfileVersion": 1,
  "dependencies": {
    "next-translate": {
      "version": "1.4.0",
      "resolved": "https://registry.npmjs.org/next-translate/-/next-translate-1.4.0.tgz",
      "integrity": "sha512-FWheoN83fWTTfZ2g+a77GBcXRDVfSDP45iA0+G5wRZYE3xPYMy/6X+1I5j+ouczoJ2JI54vH59W/veZ1tZDRGQ=="
    }
  }
}
